// !$*UTF8*$!
{
	archiveVersion = 1;
	classes = {
	};
	objectVersion = 46;
	objects = {

/* Begin PBXBuildFile section */
		1978D3251CEAF42000E85DD4 /* main.m in Sources */ = {isa = PBXBuildFile; fileRef = 1978D3241CEAF42000E85DD4 /* main.m */; };
		1978D3281CEAF42000E85DD4 /* AppDelegate.m in Sources */ = {isa = PBXBuildFile; fileRef = 1978D3271CEAF42000E85DD4 /* AppDelegate.m */; };
		1978D32B1CEAF42000E85DD4 /* ViewController.m in Sources */ = {isa = PBXBuildFile; fileRef = 1978D32A1CEAF42000E85DD4 /* ViewController.m */; };
		1978D32E1CEAF42000E85DD4 /* Main.storyboard in Resources */ = {isa = PBXBuildFile; fileRef = 1978D32C1CEAF42000E85DD4 /* Main.storyboard */; };
		1978D3301CEAF42000E85DD4 /* Assets.xcassets in Resources */ = {isa = PBXBuildFile; fileRef = 1978D32F1CEAF42000E85DD4 /* Assets.xcassets */; };
		1978D3331CEAF42000E85DD4 /* LaunchScreen.storyboard in Resources */ = {isa = PBXBuildFile; fileRef = 1978D3311CEAF42000E85DD4 /* LaunchScreen.storyboard */; };
		19AFE1B71CEB0DFA00B68337 /* YAHImagePickerCollectionViewController.m in Sources */ = {isa = PBXBuildFile; fileRef = 19AFE1941CEB0DFA00B68337 /* YAHImagePickerCollectionViewController.m */; };
		19AFE1B81CEB0DFA00B68337 /* YAHImagePickerRootViewController.m in Sources */ = {isa = PBXBuildFile; fileRef = 19AFE1961CEB0DFA00B68337 /* YAHImagePickerRootViewController.m */; };
		19AFE1B91CEB0DFA00B68337 /* YAHImagePickerViewController.m in Sources */ = {isa = PBXBuildFile; fileRef = 19AFE1981CEB0DFA00B68337 /* YAHImagePickerViewController.m */; };
		19AFE1BA1CEB0DFA00B68337 /* YAHPreSelectAssetViewController.m in Sources */ = {isa = PBXBuildFile; fileRef = 19AFE19A1CEB0DFA00B68337 /* YAHPreSelectAssetViewController.m */; };
		19AFE1BB1CEB0DFA00B68337 /* YAHImagePeckerAssetsData.m in Sources */ = {isa = PBXBuildFile; fileRef = 19AFE19D1CEB0DFA00B68337 /* YAHImagePeckerAssetsData.m */; };
		19AFE1BC1CEB0DFA00B68337 /* YAHImagePickerDefines.m in Sources */ = {isa = PBXBuildFile; fileRef = 19AFE19F1CEB0DFA00B68337 /* YAHImagePickerDefines.m */; };
		19AFE1BD1CEB0DFA00B68337 /* NSDate+YAHTimeInterval.m in Sources */ = {isa = PBXBuildFile; fileRef = 19AFE1A21CEB0DFA00B68337 /* NSDate+YAHTimeInterval.m */; };
		19AFE1BE1CEB0DFA00B68337 /* UIImage+YAHRoundCorner.m in Sources */ = {isa = PBXBuildFile; fileRef = 19AFE1A41CEB0DFA00B68337 /* UIImage+YAHRoundCorner.m */; };
		19AFE1BF1CEB0DFA00B68337 /* YAHPanddingButton.m in Sources */ = {isa = PBXBuildFile; fileRef = 19AFE1A61CEB0DFA00B68337 /* YAHPanddingButton.m */; };
		19AFE1C01CEB0DFA00B68337 /* UIView+YAHShake.m in Sources */ = {isa = PBXBuildFile; fileRef = 19AFE1A81CEB0DFA00B68337 /* UIView+YAHShake.m */; };
		19AFE1C11CEB0DFA00B68337 /* CTAssetsPickerChecked.png in Resources */ = {isa = PBXBuildFile; fileRef = 19AFE1AA1CEB0DFA00B68337 /* CTAssetsPickerChecked.png */; };
		19AFE1C21CEB0DFA00B68337 /* CTAssetsPickerChecked@2x.png in Resources */ = {isa = PBXBuildFile; fileRef = 19AFE1AB1CEB0DFA00B68337 /* CTAssetsPickerChecked@2x.png */; };
		19AFE1C31CEB0DFA00B68337 /* CTAssetsPickerVideo.png in Resources */ = {isa = PBXBuildFile; fileRef = 19AFE1AC1CEB0DFA00B68337 /* CTAssetsPickerVideo.png */; };
		19AFE1C41CEB0DFA00B68337 /* CTAssetsPickerVideo@2x.png in Resources */ = {isa = PBXBuildFile; fileRef = 19AFE1AD1CEB0DFA00B68337 /* CTAssetsPickerVideo@2x.png */; };
		19AFE1C61CEB0DFA00B68337 /* YAHImagePickerGroupCell.m in Sources */ = {isa = PBXBuildFile; fileRef = 19AFE1B21CEB0DFA00B68337 /* YAHImagePickerGroupCell.m */; };
		19AFE1C71CEB0DFA00B68337 /* YAHImagePickerThumbnailView.m in Sources */ = {isa = PBXBuildFile; fileRef = 19AFE1B41CEB0DFA00B68337 /* YAHImagePickerThumbnailView.m */; };
		19AFE1C81CEB0DFA00B68337 /* YAHPreSelectAssetCell.m in Sources */ = {isa = PBXBuildFile; fileRef = 19AFE1B61CEB0DFA00B68337 /* YAHPreSelectAssetCell.m */; };
		2CB1D1FA1FD912BF001FF7B9 /* YAHAlbumModel.m in Sources */ = {isa = PBXBuildFile; fileRef = 2CB1D1F91FD912BF001FF7B9 /* YAHAlbumModel.m */; };
		2CB1D1FD1FD946EB001FF7B9 /* YAHPhotoTools.m in Sources */ = {isa = PBXBuildFile; fileRef = 2CB1D1FC1FD946EB001FF7B9 /* YAHPhotoTools.m */; };
		2CB1D2031FDA3814001FF7B9 /* YAHAssetCollectionCell.m in Sources */ = {isa = PBXBuildFile; fileRef = 2CB1D2011FDA3814001FF7B9 /* YAHAssetCollectionCell.m */; };
		2CB1D2041FDA3814001FF7B9 /* YAHAssetCollectionCell.xib in Resources */ = {isa = PBXBuildFile; fileRef = 2CB1D2021FDA3814001FF7B9 /* YAHAssetCollectionCell.xib */; };
		2CB1D2081FDA3B8B001FF7B9 /* YAHGradientView.m in Sources */ = {isa = PBXBuildFile; fileRef = 2CB1D2071FDA3B8B001FF7B9 /* YAHGradientView.m */; };
		2CB1D20B1FDA7893001FF7B9 /* YAHPhotoModel.m in Sources */ = {isa = PBXBuildFile; fileRef = 2CB1D20A1FDA7893001FF7B9 /* YAHPhotoModel.m */; };
		4589EB192A57C665AA7E4242 /* libPods-ImagePickerDemo.a in Frameworks */ = {isa = PBXBuildFile; fileRef = 069E13A4F852685B30B0A9F4 /* libPods-ImagePickerDemo.a */; };
/* End PBXBuildFile section */

/* Begin PBXFileReference section */
		069E13A4F852685B30B0A9F4 /* libPods-ImagePickerDemo.a */ = {isa = PBXFileReference; explicitFileType = archive.ar; includeInIndex = 0; path = "libPods-ImagePickerDemo.a"; sourceTree = BUILT_PRODUCTS_DIR; };
		1978D3201CEAF42000E85DD4 /* ImagePickerDemo.app */ = {isa = PBXFileReference; explicitFileType = wrapper.application; includeInIndex = 0; path = ImagePickerDemo.app; sourceTree = BUILT_PRODUCTS_DIR; };
		1978D3241CEAF42000E85DD4 /* main.m */ = {isa = PBXFileReference; lastKnownFileType = sourcecode.c.objc; path = main.m; sourceTree = "<group>"; };
		1978D3261CEAF42000E85DD4 /* AppDelegate.h */ = {isa = PBXFileReference; lastKnownFileType = sourcecode.c.h; path = AppDelegate.h; sourceTree = "<group>"; };
		1978D3271CEAF42000E85DD4 /* AppDelegate.m */ = {isa = PBXFileReference; lastKnownFileType = sourcecode.c.objc; path = AppDelegate.m; sourceTree = "<group>"; };
		1978D3291CEAF42000E85DD4 /* ViewController.h */ = {isa = PBXFileReference; lastKnownFileType = sourcecode.c.h; path = ViewController.h; sourceTree = "<group>"; };
		1978D32A1CEAF42000E85DD4 /* ViewController.m */ = {isa = PBXFileReference; lastKnownFileType = sourcecode.c.objc; path = ViewController.m; sourceTree = "<group>"; };
		1978D32D1CEAF42000E85DD4 /* Base */ = {isa = PBXFileReference; lastKnownFileType = file.storyboard; name = Base; path = Base.lproj/Main.storyboard; sourceTree = "<group>"; };
		1978D32F1CEAF42000E85DD4 /* Assets.xcassets */ = {isa = PBXFileReference; lastKnownFileType = folder.assetcatalog; path = Assets.xcassets; sourceTree = "<group>"; };
		1978D3321CEAF42000E85DD4 /* Base */ = {isa = PBXFileReference; lastKnownFileType = file.storyboard; name = Base; path = Base.lproj/LaunchScreen.storyboard; sourceTree = "<group>"; };
		1978D3341CEAF42000E85DD4 /* Info.plist */ = {isa = PBXFileReference; lastKnownFileType = text.plist.xml; path = Info.plist; sourceTree = "<group>"; };
		19AFE1931CEB0DFA00B68337 /* YAHImagePickerCollectionViewController.h */ = {isa = PBXFileReference; fileEncoding = 4; lastKnownFileType = sourcecode.c.h; path = YAHImagePickerCollectionViewController.h; sourceTree = "<group>"; };
		19AFE1941CEB0DFA00B68337 /* YAHImagePickerCollectionViewController.m */ = {isa = PBXFileReference; fileEncoding = 4; lastKnownFileType = sourcecode.c.objc; path = YAHImagePickerCollectionViewController.m; sourceTree = "<group>"; };
		19AFE1951CEB0DFA00B68337 /* YAHImagePickerRootViewController.h */ = {isa = PBXFileReference; fileEncoding = 4; lastKnownFileType = sourcecode.c.h; path = YAHImagePickerRootViewController.h; sourceTree = "<group>"; };
		19AFE1961CEB0DFA00B68337 /* YAHImagePickerRootViewController.m */ = {isa = PBXFileReference; fileEncoding = 4; lastKnownFileType = sourcecode.c.objc; path = YAHImagePickerRootViewController.m; sourceTree = "<group>"; };
		19AFE1971CEB0DFA00B68337 /* YAHImagePickerViewController.h */ = {isa = PBXFileReference; fileEncoding = 4; lastKnownFileType = sourcecode.c.h; path = YAHImagePickerViewController.h; sourceTree = "<group>"; };
		19AFE1981CEB0DFA00B68337 /* YAHImagePickerViewController.m */ = {isa = PBXFileReference; fileEncoding = 4; lastKnownFileType = sourcecode.c.objc; path = YAHImagePickerViewController.m; sourceTree = "<group>"; };
		19AFE1991CEB0DFA00B68337 /* YAHPreSelectAssetViewController.h */ = {isa = PBXFileReference; fileEncoding = 4; lastKnownFileType = sourcecode.c.h; path = YAHPreSelectAssetViewController.h; sourceTree = "<group>"; };
		19AFE19A1CEB0DFA00B68337 /* YAHPreSelectAssetViewController.m */ = {isa = PBXFileReference; fileEncoding = 4; lastKnownFileType = sourcecode.c.objc; path = YAHPreSelectAssetViewController.m; sourceTree = "<group>"; };
		19AFE19C1CEB0DFA00B68337 /* YAHImagePeckerAssetsData.h */ = {isa = PBXFileReference; fileEncoding = 4; lastKnownFileType = sourcecode.c.h; path = YAHImagePeckerAssetsData.h; sourceTree = "<group>"; };
		19AFE19D1CEB0DFA00B68337 /* YAHImagePeckerAssetsData.m */ = {isa = PBXFileReference; fileEncoding = 4; lastKnownFileType = sourcecode.c.objc; path = YAHImagePeckerAssetsData.m; sourceTree = "<group>"; };
		19AFE19E1CEB0DFA00B68337 /* YAHImagePickerDefines.h */ = {isa = PBXFileReference; fileEncoding = 4; lastKnownFileType = sourcecode.c.h; path = YAHImagePickerDefines.h; sourceTree = "<group>"; };
		19AFE19F1CEB0DFA00B68337 /* YAHImagePickerDefines.m */ = {isa = PBXFileReference; fileEncoding = 4; lastKnownFileType = sourcecode.c.objc; path = YAHImagePickerDefines.m; sourceTree = "<group>"; };
		19AFE1A11CEB0DFA00B68337 /* NSDate+YAHTimeInterval.h */ = {isa = PBXFileReference; fileEncoding = 4; lastKnownFileType = sourcecode.c.h; path = "NSDate+YAHTimeInterval.h"; sourceTree = "<group>"; };
		19AFE1A21CEB0DFA00B68337 /* NSDate+YAHTimeInterval.m */ = {isa = PBXFileReference; fileEncoding = 4; lastKnownFileType = sourcecode.c.objc; path = "NSDate+YAHTimeInterval.m"; sourceTree = "<group>"; };
		19AFE1A31CEB0DFA00B68337 /* UIImage+YAHRoundCorner.h */ = {isa = PBXFileReference; fileEncoding = 4; lastKnownFileType = sourcecode.c.h; path = "UIImage+YAHRoundCorner.h"; sourceTree = "<group>"; };
		19AFE1A41CEB0DFA00B68337 /* UIImage+YAHRoundCorner.m */ = {isa = PBXFileReference; fileEncoding = 4; lastKnownFileType = sourcecode.c.objc; path = "UIImage+YAHRoundCorner.m"; sourceTree = "<group>"; };
		19AFE1A51CEB0DFA00B68337 /* YAHPanddingButton.h */ = {isa = PBXFileReference; fileEncoding = 4; lastKnownFileType = sourcecode.c.h; path = YAHPanddingButton.h; sourceTree = "<group>"; };
		19AFE1A61CEB0DFA00B68337 /* YAHPanddingButton.m */ = {isa = PBXFileReference; fileEncoding = 4; lastKnownFileType = sourcecode.c.objc; path = YAHPanddingButton.m; sourceTree = "<group>"; };
		19AFE1A71CEB0DFA00B68337 /* UIView+YAHShake.h */ = {isa = PBXFileReference; fileEncoding = 4; lastKnownFileType = sourcecode.c.h; path = "UIView+YAHShake.h"; sourceTree = "<group>"; };
		19AFE1A81CEB0DFA00B68337 /* UIView+YAHShake.m */ = {isa = PBXFileReference; fileEncoding = 4; lastKnownFileType = sourcecode.c.objc; path = "UIView+YAHShake.m"; sourceTree = "<group>"; };
		19AFE1AA1CEB0DFA00B68337 /* CTAssetsPickerChecked.png */ = {isa = PBXFileReference; lastKnownFileType = image.png; path = CTAssetsPickerChecked.png; sourceTree = "<group>"; };
		19AFE1AB1CEB0DFA00B68337 /* CTAssetsPickerChecked@2x.png */ = {isa = PBXFileReference; lastKnownFileType = image.png; path = "CTAssetsPickerChecked@2x.png"; sourceTree = "<group>"; };
		19AFE1AC1CEB0DFA00B68337 /* CTAssetsPickerVideo.png */ = {isa = PBXFileReference; lastKnownFileType = image.png; path = CTAssetsPickerVideo.png; sourceTree = "<group>"; };
		19AFE1AD1CEB0DFA00B68337 /* CTAssetsPickerVideo@2x.png */ = {isa = PBXFileReference; lastKnownFileType = image.png; path = "CTAssetsPickerVideo@2x.png"; sourceTree = "<group>"; };
		19AFE1B11CEB0DFA00B68337 /* YAHImagePickerGroupCell.h */ = {isa = PBXFileReference; fileEncoding = 4; lastKnownFileType = sourcecode.c.h; path = YAHImagePickerGroupCell.h; sourceTree = "<group>"; };
		19AFE1B21CEB0DFA00B68337 /* YAHImagePickerGroupCell.m */ = {isa = PBXFileReference; fileEncoding = 4; lastKnownFileType = sourcecode.c.objc; path = YAHImagePickerGroupCell.m; sourceTree = "<group>"; };
		19AFE1B31CEB0DFA00B68337 /* YAHImagePickerThumbnailView.h */ = {isa = PBXFileReference; fileEncoding = 4; lastKnownFileType = sourcecode.c.h; path = YAHImagePickerThumbnailView.h; sourceTree = "<group>"; };
		19AFE1B41CEB0DFA00B68337 /* YAHImagePickerThumbnailView.m */ = {isa = PBXFileReference; fileEncoding = 4; lastKnownFileType = sourcecode.c.objc; path = YAHImagePickerThumbnailView.m; sourceTree = "<group>"; };
		19AFE1B51CEB0DFA00B68337 /* YAHPreSelectAssetCell.h */ = {isa = PBXFileReference; fileEncoding = 4; lastKnownFileType = sourcecode.c.h; path = YAHPreSelectAssetCell.h; sourceTree = "<group>"; };
		19AFE1B61CEB0DFA00B68337 /* YAHPreSelectAssetCell.m */ = {isa = PBXFileReference; fileEncoding = 4; lastKnownFileType = sourcecode.c.objc; path = YAHPreSelectAssetCell.m; sourceTree = "<group>"; };
		2CB1D1F81FD912BF001FF7B9 /* YAHAlbumModel.h */ = {isa = PBXFileReference; lastKnownFileType = sourcecode.c.h; path = YAHAlbumModel.h; sourceTree = "<group>"; };
		2CB1D1F91FD912BF001FF7B9 /* YAHAlbumModel.m */ = {isa = PBXFileReference; lastKnownFileType = sourcecode.c.objc; path = YAHAlbumModel.m; sourceTree = "<group>"; };
		2CB1D1FB1FD946EB001FF7B9 /* YAHPhotoTools.h */ = {isa = PBXFileReference; lastKnownFileType = sourcecode.c.h; path = YAHPhotoTools.h; sourceTree = "<group>"; };
		2CB1D1FC1FD946EB001FF7B9 /* YAHPhotoTools.m */ = {isa = PBXFileReference; lastKnownFileType = sourcecode.c.objc; path = YAHPhotoTools.m; sourceTree = "<group>"; };
		2CB1D2001FDA3814001FF7B9 /* YAHAssetCollectionCell.h */ = {isa = PBXFileReference; lastKnownFileType = sourcecode.c.h; path = YAHAssetCollectionCell.h; sourceTree = "<group>"; };
		2CB1D2011FDA3814001FF7B9 /* YAHAssetCollectionCell.m */ = {isa = PBXFileReference; lastKnownFileType = sourcecode.c.objc; path = YAHAssetCollectionCell.m; sourceTree = "<group>"; };
		2CB1D2021FDA3814001FF7B9 /* YAHAssetCollectionCell.xib */ = {isa = PBXFileReference; lastKnownFileType = file.xib; path = YAHAssetCollectionCell.xib; sourceTree = "<group>"; };
		2CB1D2061FDA3B8B001FF7B9 /* YAHGradientView.h */ = {isa = PBXFileReference; fileEncoding = 4; lastKnownFileType = sourcecode.c.h; path = YAHGradientView.h; sourceTree = "<group>"; };
		2CB1D2071FDA3B8B001FF7B9 /* YAHGradientView.m */ = {isa = PBXFileReference; fileEncoding = 4; lastKnownFileType = sourcecode.c.objc; path = YAHGradientView.m; sourceTree = "<group>"; };
		2CB1D2091FDA7893001FF7B9 /* YAHPhotoModel.h */ = {isa = PBXFileReference; lastKnownFileType = sourcecode.c.h; path = YAHPhotoModel.h; sourceTree = "<group>"; };
		2CB1D20A1FDA7893001FF7B9 /* YAHPhotoModel.m */ = {isa = PBXFileReference; lastKnownFileType = sourcecode.c.objc; path = YAHPhotoModel.m; sourceTree = "<group>"; };
		7B3052807335DDB7E2746981 /* Pods-ImagePickerDemo.debug.xcconfig */ = {isa = PBXFileReference; includeInIndex = 1; lastKnownFileType = text.xcconfig; name = "Pods-ImagePickerDemo.debug.xcconfig"; path = "Pods/Target Support Files/Pods-ImagePickerDemo/Pods-ImagePickerDemo.debug.xcconfig"; sourceTree = "<group>"; };
		917ED82C6DC12795AEAB8ECC /* Pods-ImagePickerDemo.release.xcconfig */ = {isa = PBXFileReference; includeInIndex = 1; lastKnownFileType = text.xcconfig; name = "Pods-ImagePickerDemo.release.xcconfig"; path = "Pods/Target Support Files/Pods-ImagePickerDemo/Pods-ImagePickerDemo.release.xcconfig"; sourceTree = "<group>"; };
/* End PBXFileReference section */

/* Begin PBXFrameworksBuildPhase section */
		1978D31D1CEAF42000E85DD4 /* Frameworks */ = {
			isa = PBXFrameworksBuildPhase;
			buildActionMask = 2147483647;
			files = (
				4589EB192A57C665AA7E4242 /* libPods-ImagePickerDemo.a in Frameworks */,
			);
			runOnlyForDeploymentPostprocessing = 0;
		};
/* End PBXFrameworksBuildPhase section */

/* Begin PBXGroup section */
		1978D3171CEAF42000E85DD4 = {
			isa = PBXGroup;
			children = (
				1978D3221CEAF42000E85DD4 /* ImagePickerDemo */,
				1978D3211CEAF42000E85DD4 /* Products */,
				F092C065CEF301A9582D73FC /* Pods */,
				40115B81933C4C02F4A334D1 /* Frameworks */,
			);
			sourceTree = "<group>";
		};
		1978D3211CEAF42000E85DD4 /* Products */ = {
			isa = PBXGroup;
			children = (
				1978D3201CEAF42000E85DD4 /* ImagePickerDemo.app */,
			);
			name = Products;
			sourceTree = "<group>";
		};
		1978D3221CEAF42000E85DD4 /* ImagePickerDemo */ = {
			isa = PBXGroup;
			children = (
				19AFE1911CEB0DFA00B68337 /* YAHImagePicker */,
				1978D3261CEAF42000E85DD4 /* AppDelegate.h */,
				1978D3271CEAF42000E85DD4 /* AppDelegate.m */,
				1978D3291CEAF42000E85DD4 /* ViewController.h */,
				1978D32A1CEAF42000E85DD4 /* ViewController.m */,
				1978D32C1CEAF42000E85DD4 /* Main.storyboard */,
				1978D32F1CEAF42000E85DD4 /* Assets.xcassets */,
				1978D3311CEAF42000E85DD4 /* LaunchScreen.storyboard */,
				1978D3341CEAF42000E85DD4 /* Info.plist */,
				1978D3231CEAF42000E85DD4 /* Supporting Files */,
			);
			path = ImagePickerDemo;
			sourceTree = "<group>";
		};
		1978D3231CEAF42000E85DD4 /* Supporting Files */ = {
			isa = PBXGroup;
			children = (
				1978D3241CEAF42000E85DD4 /* main.m */,
			);
			name = "Supporting Files";
			sourceTree = "<group>";
		};
		19AFE1911CEB0DFA00B68337 /* YAHImagePicker */ = {
			isa = PBXGroup;
			children = (
				19AFE1921CEB0DFA00B68337 /* controller */,
				19AFE19B1CEB0DFA00B68337 /* logic */,
				19AFE1A01CEB0DFA00B68337 /* other */,
				19AFE1A91CEB0DFA00B68337 /* resource */,
				19AFE1AE1CEB0DFA00B68337 /* view */,
			);
			name = YAHImagePicker;
			path = ../../YAHImagePicker;
			sourceTree = "<group>";
		};
		19AFE1921CEB0DFA00B68337 /* controller */ = {
			isa = PBXGroup;
			children = (
				19AFE1951CEB0DFA00B68337 /* YAHImagePickerRootViewController.h */,
				19AFE1961CEB0DFA00B68337 /* YAHImagePickerRootViewController.m */,
				19AFE1971CEB0DFA00B68337 /* YAHImagePickerViewController.h */,
				19AFE1981CEB0DFA00B68337 /* YAHImagePickerViewController.m */,
				19AFE1931CEB0DFA00B68337 /* YAHImagePickerCollectionViewController.h */,
				19AFE1941CEB0DFA00B68337 /* YAHImagePickerCollectionViewController.m */,
				19AFE1991CEB0DFA00B68337 /* YAHPreSelectAssetViewController.h */,
				19AFE19A1CEB0DFA00B68337 /* YAHPreSelectAssetViewController.m */,
			);
			path = controller;
			sourceTree = "<group>";
		};
		19AFE19B1CEB0DFA00B68337 /* logic */ = {
			isa = PBXGroup;
			children = (
				19AFE19C1CEB0DFA00B68337 /* YAHImagePeckerAssetsData.h */,
				19AFE19D1CEB0DFA00B68337 /* YAHImagePeckerAssetsData.m */,
				19AFE19E1CEB0DFA00B68337 /* YAHImagePickerDefines.h */,
				19AFE19F1CEB0DFA00B68337 /* YAHImagePickerDefines.m */,
				2CB1D2091FDA7893001FF7B9 /* YAHPhotoModel.h */,
				2CB1D20A1FDA7893001FF7B9 /* YAHPhotoModel.m */,
				2CB1D1F81FD912BF001FF7B9 /* YAHAlbumModel.h */,
				2CB1D1F91FD912BF001FF7B9 /* YAHAlbumModel.m */,
				2CB1D1FB1FD946EB001FF7B9 /* YAHPhotoTools.h */,
				2CB1D1FC1FD946EB001FF7B9 /* YAHPhotoTools.m */,
			);
			path = logic;
			sourceTree = "<group>";
		};
		19AFE1A01CEB0DFA00B68337 /* other */ = {
			isa = PBXGroup;
			children = (
				19AFE1A11CEB0DFA00B68337 /* NSDate+YAHTimeInterval.h */,
				19AFE1A21CEB0DFA00B68337 /* NSDate+YAHTimeInterval.m */,
				19AFE1A31CEB0DFA00B68337 /* UIImage+YAHRoundCorner.h */,
				19AFE1A41CEB0DFA00B68337 /* UIImage+YAHRoundCorner.m */,
				19AFE1A51CEB0DFA00B68337 /* YAHPanddingButton.h */,
				19AFE1A61CEB0DFA00B68337 /* YAHPanddingButton.m */,
				19AFE1A71CEB0DFA00B68337 /* UIView+YAHShake.h */,
				19AFE1A81CEB0DFA00B68337 /* UIView+YAHShake.m */,
			);
			path = other;
			sourceTree = "<group>";
		};
		19AFE1A91CEB0DFA00B68337 /* resource */ = {
			isa = PBXGroup;
			children = (
				19AFE1AA1CEB0DFA00B68337 /* CTAssetsPickerChecked.png */,
				19AFE1AB1CEB0DFA00B68337 /* CTAssetsPickerChecked@2x.png */,
				19AFE1AC1CEB0DFA00B68337 /* CTAssetsPickerVideo.png */,
				19AFE1AD1CEB0DFA00B68337 /* CTAssetsPickerVideo@2x.png */,
			);
			path = resource;
			sourceTree = "<group>";
		};
		19AFE1AE1CEB0DFA00B68337 /* view */ = {
			isa = PBXGroup;
			children = (
				2CB1D2051FDA3B8B001FF7B9 /* IBView */,
				2CB1D2001FDA3814001FF7B9 /* YAHAssetCollectionCell.h */,
				2CB1D2011FDA3814001FF7B9 /* YAHAssetCollectionCell.m */,
				2CB1D2021FDA3814001FF7B9 /* YAHAssetCollectionCell.xib */,
				19AFE1B11CEB0DFA00B68337 /* YAHImagePickerGroupCell.h */,
				19AFE1B21CEB0DFA00B68337 /* YAHImagePickerGroupCell.m */,
				19AFE1B31CEB0DFA00B68337 /* YAHImagePickerThumbnailView.h */,
				19AFE1B41CEB0DFA00B68337 /* YAHImagePickerThumbnailView.m */,
				19AFE1B51CEB0DFA00B68337 /* YAHPreSelectAssetCell.h */,
				19AFE1B61CEB0DFA00B68337 /* YAHPreSelectAssetCell.m */,
			);
			path = view;
			sourceTree = "<group>";
		};
		2CB1D2051FDA3B8B001FF7B9 /* IBView */ = {
			isa = PBXGroup;
			children = (
				2CB1D2061FDA3B8B001FF7B9 /* YAHGradientView.h */,
				2CB1D2071FDA3B8B001FF7B9 /* YAHGradientView.m */,
			);
			path = IBView;
			sourceTree = "<group>";
		};
		40115B81933C4C02F4A334D1 /* Frameworks */ = {
			isa = PBXGroup;
			children = (
				069E13A4F852685B30B0A9F4 /* libPods-ImagePickerDemo.a */,
			);
			name = Frameworks;
			sourceTree = "<group>";
		};
		F092C065CEF301A9582D73FC /* Pods */ = {
			isa = PBXGroup;
			children = (
				7B3052807335DDB7E2746981 /* Pods-ImagePickerDemo.debug.xcconfig */,
				917ED82C6DC12795AEAB8ECC /* Pods-ImagePickerDemo.release.xcconfig */,
			);
			name = Pods;
			sourceTree = "<group>";
		};
/* End PBXGroup section */

/* Begin PBXNativeTarget section */
		1978D31F1CEAF42000E85DD4 /* ImagePickerDemo */ = {
			isa = PBXNativeTarget;
			buildConfigurationList = 1978D3371CEAF42000E85DD4 /* Build configuration list for PBXNativeTarget "ImagePickerDemo" */;
			buildPhases = (
				E3B268622CDCF8F74E30F357 /* [CP] Check Pods Manifest.lock */,
				1978D31C1CEAF42000E85DD4 /* Sources */,
				1978D31D1CEAF42000E85DD4 /* Frameworks */,
				1978D31E1CEAF42000E85DD4 /* Resources */,
				FD71E5A9CEE696D3A3A7C89E /* [CP] Embed Pods Frameworks */,
				D75AF957BAB59E8BD8B1AB62 /* [CP] Copy Pods Resources */,
			);
			buildRules = (
			);
			dependencies = (
			);
			name = ImagePickerDemo;
			productName = ImagePickerDemo;
			productReference = 1978D3201CEAF42000E85DD4 /* ImagePickerDemo.app */;
			productType = "com.apple.product-type.application";
		};
/* End PBXNativeTarget section */

/* Begin PBXProject section */
		1978D3181CEAF42000E85DD4 /* Project object */ = {
			isa = PBXProject;
			attributes = {
				LastUpgradeCheck = 0730;
				ORGANIZATIONNAME = wangsw;
				TargetAttributes = {
					1978D31F1CEAF42000E85DD4 = {
						CreatedOnToolsVersion = 7.3;
						DevelopmentTeam = W7FKHEHYPL;
						ProvisioningStyle = Manual;
					};
				};
			};
			buildConfigurationList = 1978D31B1CEAF42000E85DD4 /* Build configuration list for PBXProject "ImagePickerDemo" */;
			compatibilityVersion = "Xcode 3.2";
			developmentRegion = English;
			hasScannedForEncodings = 0;
			knownRegions = (
				en,
				Base,
			);
			mainGroup = 1978D3171CEAF42000E85DD4;
			productRefGroup = 1978D3211CEAF42000E85DD4 /* Products */;
			projectDirPath = "";
			projectRoot = "";
			targets = (
				1978D31F1CEAF42000E85DD4 /* ImagePickerDemo */,
			);
		};
/* End PBXProject section */

/* Begin PBXResourcesBuildPhase section */
		1978D31E1CEAF42000E85DD4 /* Resources */ = {
			isa = PBXResourcesBuildPhase;
			buildActionMask = 2147483647;
			files = (
				2CB1D2041FDA3814001FF7B9 /* YAHAssetCollectionCell.xib in Resources */,
				19AFE1C21CEB0DFA00B68337 /* CTAssetsPickerChecked@2x.png in Resources */,
				19AFE1C31CEB0DFA00B68337 /* CTAssetsPickerVideo.png in Resources */,
				19AFE1C41CEB0DFA00B68337 /* CTAssetsPickerVideo@2x.png in Resources */,
				1978D3331CEAF42000E85DD4 /* LaunchScreen.storyboard in Resources */,
				1978D3301CEAF42000E85DD4 /* Assets.xcassets in Resources */,
				1978D32E1CEAF42000E85DD4 /* Main.storyboard in Resources */,
				19AFE1C11CEB0DFA00B68337 /* CTAssetsPickerChecked.png in Resources */,
			);
			runOnlyForDeploymentPostprocessing = 0;
		};
/* End PBXResourcesBuildPhase section */

/* Begin PBXShellScriptBuildPhase section */
		D75AF957BAB59E8BD8B1AB62 /* [CP] Copy Pods Resources */ = {
			isa = PBXShellScriptBuildPhase;
			buildActionMask = 2147483647;
			files = (
			);
			inputPaths = (
			);
			name = "[CP] Copy Pods Resources";
			outputPaths = (
			);
			runOnlyForDeploymentPostprocessing = 0;
			shellPath = /bin/sh;
			shellScript = "\"${SRCROOT}/Pods/Target Support Files/Pods-ImagePickerDemo/Pods-ImagePickerDemo-resources.sh\"\n";
			showEnvVarsInLog = 0;
		};
		E3B268622CDCF8F74E30F357 /* [CP] Check Pods Manifest.lock */ = {
			isa = PBXShellScriptBuildPhase;
			buildActionMask = 2147483647;
			files = (
			);
			inputPaths = (
				"${PODS_PODFILE_DIR_PATH}/Podfile.lock",
				"${PODS_ROOT}/Manifest.lock",
			);
			name = "[CP] Check Pods Manifest.lock";
			outputPaths = (
				"$(DERIVED_FILE_DIR)/Pods-ImagePickerDemo-checkManifestLockResult.txt",
			);
			runOnlyForDeploymentPostprocessing = 0;
			shellPath = /bin/sh;
			shellScript = "diff \"${PODS_PODFILE_DIR_PATH}/Podfile.lock\" \"${PODS_ROOT}/Manifest.lock\" > /dev/null\nif [ $? != 0 ] ; then\n    # print error to STDERR\n    echo \"error: The sandbox is not in sync with the Podfile.lock. Run 'pod install' or update your CocoaPods installation.\" >&2\n    exit 1\nfi\n# This output is used by Xcode 'outputs' to avoid re-running this script phase.\necho \"SUCCESS\" > \"${SCRIPT_OUTPUT_FILE_0}\"\n";
			showEnvVarsInLog = 0;
		};
		FD71E5A9CEE696D3A3A7C89E /* [CP] Embed Pods Frameworks */ = {
			isa = PBXShellScriptBuildPhase;
			buildActionMask = 2147483647;
			files = (
			);
			inputPaths = (
			);
			name = "[CP] Embed Pods Frameworks";
			outputPaths = (
			);
			runOnlyForDeploymentPostprocessing = 0;
			shellPath = /bin/sh;
			shellScript = "\"${SRCROOT}/Pods/Target Support Files/Pods-ImagePickerDemo/Pods-ImagePickerDemo-frameworks.sh\"\n";
			showEnvVarsInLog = 0;
		};
/* End PBXShellScriptBuildPhase section */

/* Begin PBXSourcesBuildPhase section */
		1978D31C1CEAF42000E85DD4 /* Sources */ = {
			isa = PBXSourcesBuildPhase;
			buildActionMask = 2147483647;
			files = (
				2CB1D1FD1FD946EB001FF7B9 /* YAHPhotoTools.m in Sources */,
				2CB1D2031FDA3814001FF7B9 /* YAHAssetCollectionCell.m in Sources */,
				19AFE1BD1CEB0DFA00B68337 /* NSDate+YAHTimeInterval.m in Sources */,
				19AFE1C81CEB0DFA00B68337 /* YAHPreSelectAssetCell.m in Sources */,
				1978D32B1CEAF42000E85DD4 /* ViewController.m in Sources */,
				19AFE1C61CEB0DFA00B68337 /* YAHImagePickerGroupCell.m in Sources */,
				19AFE1C01CEB0DFA00B68337 /* UIView+YAHShake.m in Sources */,
				1978D3281CEAF42000E85DD4 /* AppDelegate.m in Sources */,
				19AFE1B81CEB0DFA00B68337 /* YAHImagePickerRootViewController.m in Sources */,
				19AFE1BA1CEB0DFA00B68337 /* YAHPreSelectAssetViewController.m in Sources */,
				1978D3251CEAF42000E85DD4 /* main.m in Sources */,
				2CB1D2081FDA3B8B001FF7B9 /* YAHGradientView.m in Sources */,
				19AFE1C71CEB0DFA00B68337 /* YAHImagePickerThumbnailView.m in Sources */,
				2CB1D1FA1FD912BF001FF7B9 /* YAHAlbumModel.m in Sources */,
				19AFE1B71CEB0DFA00B68337 /* YAHImagePickerCollectionViewController.m in Sources */,
				19AFE1BC1CEB0DFA00B68337 /* YAHImagePickerDefines.m in Sources */,
				19AFE1BF1CEB0DFA00B68337 /* YAHPanddingButton.m in Sources */,
				2CB1D20B1FDA7893001FF7B9 /* YAHPhotoModel.m in Sources */,
				19AFE1B91CEB0DFA00B68337 /* YAHImagePickerViewController.m in Sources */,
				19AFE1BE1CEB0DFA00B68337 /* UIImage+YAHRoundCorner.m in Sources */,
				19AFE1BB1CEB0DFA00B68337 /* YAHImagePeckerAssetsData.m in Sources */,
			);
			runOnlyForDeploymentPostprocessing = 0;
		};
/* End PBXSourcesBuildPhase section */

/* Begin PBXVariantGroup section */
		1978D32C1CEAF42000E85DD4 /* Main.storyboard */ = {
			isa = PBXVariantGroup;
			children = (
				1978D32D1CEAF42000E85DD4 /* Base */,
			);
			name = Main.storyboard;
			sourceTree = "<group>";
		};
		1978D3311CEAF42000E85DD4 /* LaunchScreen.storyboard */ = {
			isa = PBXVariantGroup;
			children = (
				1978D3321CEAF42000E85DD4 /* Base */,
			);
			name = LaunchScreen.storyboard;
			sourceTree = "<group>";
		};
/* End PBXVariantGroup section */

/* Begin XCBuildConfiguration section */
		1978D3351CEAF42000E85DD4 /* Debug */ = {
			isa = XCBuildConfiguration;
			buildSettings = {
				ALWAYS_SEARCH_USER_PATHS = NO;
				CLANG_ANALYZER_NONNULL = YES;
				CLANG_CXX_LANGUAGE_STANDARD = "gnu++0x";
				CLANG_CXX_LIBRARY = "libc++";
				CLANG_ENABLE_MODULES = YES;
				CLANG_ENABLE_OBJC_ARC = YES;
				CLANG_WARN_BOOL_CONVERSION = YES;
				CLANG_WARN_CONSTANT_CONVERSION = YES;
				CLANG_WARN_DIRECT_OBJC_ISA_USAGE = YES_ERROR;
				CLANG_WARN_EMPTY_BODY = YES;
				CLANG_WARN_ENUM_CONVERSION = YES;
				CLANG_WARN_INT_CONVERSION = YES;
				CLANG_WARN_OBJC_ROOT_CLASS = YES_ERROR;
				CLANG_WARN_UNREACHABLE_CODE = YES;
				CLANG_WARN__DUPLICATE_METHOD_MATCH = YES;
				"CODE_SIGN_IDENTITY[sdk=iphoneos*]" = "iPhone Developer";
				COPY_PHASE_STRIP = NO;
				DEBUG_INFORMATION_FORMAT = dwarf;
				ENABLE_STRICT_OBJC_MSGSEND = YES;
				ENABLE_TESTABILITY = YES;
				GCC_C_LANGUAGE_STANDARD = gnu99;
				GCC_DYNAMIC_NO_PIC = NO;
				GCC_NO_COMMON_BLOCKS = YES;
				GCC_OPTIMIZATION_LEVEL = 0;
				GCC_PREPROCESSOR_DEFINITIONS = (
					"DEBUG=1",
					"$(inherited)",
				);
				GCC_WARN_64_TO_32_BIT_CONVERSION = YES;
				GCC_WARN_ABOUT_RETURN_TYPE = YES_ERROR;
				GCC_WARN_UNDECLARED_SELECTOR = YES;
				GCC_WARN_UNINITIALIZED_AUTOS = YES_AGGRESSIVE;
				GCC_WARN_UNUSED_FUNCTION = YES;
				GCC_WARN_UNUSED_VARIABLE = YES;
				IPHONEOS_DEPLOYMENT_TARGET = 9.3;
				MTL_ENABLE_DEBUG_INFO = YES;
				ONLY_ACTIVE_ARCH = YES;
				SDKROOT = iphoneos;
			};
			name = Debug;
		};
		1978D3361CEAF42000E85DD4 /* Release */ = {
			isa = XCBuildConfiguration;
			buildSettings = {
				ALWAYS_SEARCH_USER_PATHS = NO;
				CLANG_ANALYZER_NONNULL = YES;
				CLANG_CXX_LANGUAGE_STANDARD = "gnu++0x";
				CLANG_CXX_LIBRARY = "libc++";
				CLANG_ENABLE_MODULES = YES;
				CLANG_ENABLE_OBJC_ARC = YES;
				CLANG_WARN_BOOL_CONVERSION = YES;
				CLANG_WARN_CONSTANT_CONVERSION = YES;
				CLANG_WARN_DIRECT_OBJC_ISA_USAGE = YES_ERROR;
				CLANG_WARN_EMPTY_BODY = YES;
				CLANG_WARN_ENUM_CONVERSION = YES;
				CLANG_WARN_INT_CONVERSION = YES;
				CLANG_WARN_OBJC_ROOT_CLASS = YES_ERROR;
				CLANG_WARN_UNREACHABLE_CODE = YES;
				CLANG_WARN__DUPLICATE_METHOD_MATCH = YES;
				"CODE_SIGN_IDENTITY[sdk=iphoneos*]" = "iPhone Developer";
				COPY_PHASE_STRIP = NO;
				DEBUG_INFORMATION_FORMAT = "dwarf-with-dsym";
				ENABLE_NS_ASSERTIONS = NO;
				ENABLE_STRICT_OBJC_MSGSEND = YES;
				GCC_C_LANGUAGE_STANDARD = gnu99;
				GCC_NO_COMMON_BLOCKS = YES;
				GCC_WARN_64_TO_32_BIT_CONVERSION = YES;
				GCC_WARN_ABOUT_RETURN_TYPE = YES_ERROR;
				GCC_WARN_UNDECLARED_SELECTOR = YES;
				GCC_WARN_UNINITIALIZED_AUTOS = YES_AGGRESSIVE;
				GCC_WARN_UNUSED_FUNCTION = YES;
				GCC_WARN_UNUSED_VARIABLE = YES;
				IPHONEOS_DEPLOYMENT_TARGET = 9.3;
				MTL_ENABLE_DEBUG_INFO = NO;
				SDKROOT = iphoneos;
				VALIDATE_PRODUCT = YES;
			};
			name = Release;
		};
		1978D3381CEAF42000E85DD4 /* Debug */ = {
			isa = XCBuildConfiguration;
			baseConfigurationReference = 7B3052807335DDB7E2746981 /* Pods-ImagePickerDemo.debug.xcconfig */;
			buildSettings = {
				ASSETCATALOG_COMPILER_APPICON_NAME = AppIcon;
				CODE_SIGN_STYLE = Manual;
				DEVELOPMENT_TEAM = W7FKHEHYPL;
				INFOPLIST_FILE = ImagePickerDemo/Info.plist;
				IPHONEOS_DEPLOYMENT_TARGET = 8.0;
				LD_RUNPATH_SEARCH_PATHS = "$(inherited) @executable_path/Frameworks";
				PRODUCT_BUNDLE_IDENTIFIER = yahua.ImagePickerDemo;
				PRODUCT_NAME = "$(TARGET_NAME)";
				PROVISIONING_PROFILE = "dc6d48db-7eac-455e-a2b8-26dbc636264d";
				PROVISIONING_PROFILE_SPECIFIER = iosalldevelopment;
			};
			name = Debug;
		};
		1978D3391CEAF42000E85DD4 /* Release */ = {
			isa = XCBuildConfiguration;
			baseConfigurationReference = 917ED82C6DC12795AEAB8ECC /* Pods-ImagePickerDemo.release.xcconfig */;
			buildSettings = {
				ASSETCATALOG_COMPILER_APPICON_NAME = AppIcon;
				CODE_SIGN_STYLE = Manual;
				DEVELOPMENT_TEAM = "";
				INFOPLIST_FILE = ImagePickerDemo/Info.plist;
				IPHONEOS_DEPLOYMENT_TARGET = 8.0;
				LD_RUNPATH_SEARCH_PATHS = "$(inherited) @executable_path/Frameworks";
				PRODUCT_BUNDLE_IDENTIFIER = yahua.ImagePickerDemo;
				PRODUCT_NAME = "$(TARGET_NAME)";
				PROVISIONING_PROFILE_SPECIFIER = "";
			};
			name = Release;
		};
/* End XCBuildConfiguration section */

/* Begin XCConfigurationList section */
		1978D31B1CEAF42000E85DD4 /* Build configuration list for PBXProject "ImagePickerDemo" */ = {
			isa = XCConfigurationList;
			buildConfigurations = (
				1978D3351CEAF42000E85DD4 /* Debug */,
				1978D3361CEAF42000E85DD4 /* Release */,
			);
			defaultConfigurationIsVisible = 0;
			defaultConfigurationName = Release;
		};
		1978D3371CEAF42000E85DD4 /* Build configuration list for PBXNativeTarget "ImagePickerDemo" */ = {
			isa = XCConfigurationList;
			buildConfigurations = (
				1978D3381CEAF42000E85DD4 /* Debug */,
				1978D3391CEAF42000E85DD4 /* Release */,
			);
			defaultConfigurationIsVisible = 0;
			defaultConfigurationName = Release;
		};
/* End XCConfigurationList section */
	};
	rootObject = 1978D3181CEAF42000E85DD4 /* Project object */;
}
